<?xml version="1.0" encoding="utf-8"?>
<Project ToolsVersion="4.0" xmlns="http://schemas.microsoft.com/developer/msbuild/2003">
  <ItemGroup>
    <Filter Include="Source Files">
      <UniqueIdentifier>{4FC737F1-C7A5-4376-A066-2A32D752A2FF}</UniqueIdentifier>
      <Extensions>cpp;c;cc;cxx;def;odl;idl;hpj;bat;asm;asmx</Extensions>
    </Filter>
    <Filter Include="Header Files">
      <UniqueIdentifier>{93995380-89BD-4b04-88EB-625FBE52EBFB}</UniqueIdentifier>
      <Extensions>h;hh;hpp;hxx;hm;inl;inc;xsd</Extensions>
    </Filter>
    <Filter Include="Resource Files">
      <UniqueIdentifier>{67DA6AB6-F800-4c08-8B7A-83BB121AAD01}</UniqueIdentifier>
      <Extensions>rc;ico;cur;bmp;dlg;rc2;rct;bin;rgs;gif;jpg;jpeg;jpe;resx;tiff;tif;png;wav;mfcribbon-ms</Extensions>
    </Filter>
    <Filter Include="Header Files\gl">
      <UniqueIdentifier>{4dd81310-5ce2-4885-b6d2-d6fd76e1b31c}</UniqueIdentifier>
    </Filter>
    <Filter Include="Source Files\gl">
      <UniqueIdentifier>{34cb6a3a-2b8b-4078-90d7-98032f0bf66c}</UniqueIdentifier>
    </Filter>
    <Filter Include="Header Files\utility">
      <UniqueIdentifier>{07bb648a-91de-470b-a5ba-f72b38b7b9a2}</UniqueIdentifier>
    </Filter>
    <Filter Include="Source Files\utility">
      <UniqueIdentifier>{985b460d-372b-4f81-8671-4f54e4e50ba4}</UniqueIdentifier>
    </Filter>
  </ItemGroup>
  <ItemGroup>
    <ClInclude Include="gl\flextGL.h">
      <Filter>Header Files\gl</Filter>
    </ClInclude>
    <ClInclude Include="gl\OpenGlLoader.h">
      <Filter>Header Files\gl</Filter>
    </ClInclude>
    <ClInclude Include="utility\Clock.h">
      <Filter>Header Files\utility</Filter>
    </ClInclude>
  </ItemGroup>
  <ItemGroup>
    <ClCompile Include="gl\flextGL.cpp">
      <Filter>Source Files\gl</Filter>
    </ClCompile>
    <ClCompile Include="gl\flextGLInit.cpp">
      <Filter>Source Files\gl</Filter>
    </ClCompile>
    <ClCompile Include="gl\OpenGlLoader.cpp">
      <Filter>Source Files\gl</Filter>
    </ClCompile>
    <ClCompile Include="main.cpp">
      <Filter>Source Files</Filter>
    </ClCompile>
    <ClCompile Include="utility\Clock.cpp">
      <Filter>Source Files\utility</Filter>
    </ClCompile>
  </ItemGroup>
</Project>